// !$*UTF8*$!
{
	archiveVersion = 1;
	classes = {
	};
	objectVersion = 45;
	objects = {

/* Begin PBXBuildFile section */
		1D3623260D0F684500981E51 /* DemoDrChartAppDelegate.m in Sources */ = {isa = PBXBuildFile; fileRef = 1D3623250D0F684500981E51 /* DemoDrChartAppDelegate.m */; };
		1D60589B0D05DD56006BFB54 /* main.m in Sources */ = {isa = PBXBuildFile; fileRef = 29B97316FDCFA39411CA2CEA /* main.m */; };
		1D60589F0D05DD5A006BFB54 /* Foundation.framework in Frameworks */ = {isa = PBXBuildFile; fileRef = 1D30AB110D05D00D00671497 /* Foundation.framework */; };
		1DF5F4E00D08C38300B7A737 /* UIKit.framework in Frameworks */ = {isa = PBXBuildFile; fileRef = 1DF5F4DF0D08C38300B7A737 /* UIKit.framework */; };
		288765A50DF7441C002DB57D /* CoreGraphics.framework in Frameworks */ = {isa = PBXBuildFile; fileRef = 288765A40DF7441C002DB57D /* CoreGraphics.framework */; };
		2899E5220DE3E06400AC0155 /* DemoDrChartViewController.xib in Resources */ = {isa = PBXBuildFile; fileRef = 2899E5210DE3E06400AC0155 /* DemoDrChartViewController.xib */; };
		28AD733F0D9D9553002E5188 /* MainWindow.xib in Resources */ = {isa = PBXBuildFile; fileRef = 28AD733E0D9D9553002E5188 /* MainWindow.xib */; };
		28D7ACF80DDB3853001CB0EB /* DemoDrChartViewController.m in Sources */ = {isa = PBXBuildFile; fileRef = 28D7ACF70DDB3853001CB0EB /* DemoDrChartViewController.m */; };
		6BA1A7E61224FC9C00AF9F79 /* DrGraphContentView.m in Sources */ = {isa = PBXBuildFile; fileRef = 6BA1A7DE1224FC9C00AF9F79 /* DrGraphContentView.m */; };
		6BA1A7E71224FC9C00AF9F79 /* DrGraphLeftMarginView.m in Sources */ = {isa = PBXBuildFile; fileRef = 6BA1A7E01224FC9C00AF9F79 /* DrGraphLeftMarginView.m */; };
		6BA1A7E81224FC9C00AF9F79 /* DrGraphView.m in Sources */ = {isa = PBXBuildFile; fileRef = 6BA1A7E21224FC9C00AF9F79 /* DrGraphView.m */; };
		6BA1A7E91224FC9C00AF9F79 /* DrGraphYHeaderView.m in Sources */ = {isa = PBXBuildFile; fileRef = 6BA1A7E41224FC9C00AF9F79 /* DrGraphYHeaderView.m */; };
/* End PBXBuildFile section */

/* Begin PBXFileReference section */
		1D30AB110D05D00D00671497 /* Foundation.framework */ = {isa = PBXFileReference; lastKnownFileType = wrapper.framework; name = Foundation.framework; path = System/Library/Frameworks/Foundation.framework; sourceTree = SDKROOT; };
		1D3623240D0F684500981E51 /* DemoDrChartAppDelegate.h */ = {isa = PBXFileReference; fileEncoding = 4; lastKnownFileType = sourcecode.c.h; path = DemoDrChartAppDelegate.h; sourceTree = "<group>"; };
		1D3623250D0F684500981E51 /* DemoDrChartAppDelegate.m */ = {isa = PBXFileReference; fileEncoding = 4; lastKnownFileType = sourcecode.c.objc; path = DemoDrChartAppDelegate.m; sourceTree = "<group>"; };
		1D6058910D05DD3D006BFB54 /* DemoDrChart.app */ = {isa = PBXFileReference; explicitFileType = wrapper.application; includeInIndex = 0; path = DemoDrChart.app; sourceTree = BUILT_PRODUCTS_DIR; };
		1DF5F4DF0D08C38300B7A737 /* UIKit.framework */ = {isa = PBXFileReference; lastKnownFileType = wrapper.framework; name = UIKit.framework; path = System/Library/Frameworks/UIKit.framework; sourceTree = SDKROOT; };
		288765A40DF7441C002DB57D /* CoreGraphics.framework */ = {isa = PBXFileReference; lastKnownFileType = wrapper.framework; name = CoreGraphics.framework; path = System/Library/Frameworks/CoreGraphics.framework; sourceTree = SDKROOT; };
		2899E5210DE3E06400AC0155 /* DemoDrChartViewController.xib */ = {isa = PBXFileReference; lastKnownFileType = file.xib; path = DemoDrChartViewController.xib; sourceTree = "<group>"; };
		28AD733E0D9D9553002E5188 /* MainWindow.xib */ = {isa = PBXFileReference; lastKnownFileType = file.xib; path = MainWindow.xib; sourceTree = "<group>"; };
		28D7ACF60DDB3853001CB0EB /* DemoDrChartViewController.h */ = {isa = PBXFileReference; fileEncoding = 4; lastKnownFileType = sourcecode.c.h; path = DemoDrChartViewController.h; sourceTree = "<group>"; };
		28D7ACF70DDB3853001CB0EB /* DemoDrChartViewController.m */ = {isa = PBXFileReference; fileEncoding = 4; lastKnownFileType = sourcecode.c.objc; path = DemoDrChartViewController.m; sourceTree = "<group>"; };
		29B97316FDCFA39411CA2CEA /* main.m */ = {isa = PBXFileReference; fileEncoding = 4; lastKnownFileType = sourcecode.c.objc; path = main.m; sourceTree = "<group>"; };
		32CA4F630368D1EE00C91783 /* DemoDrChart_Prefix.pch */ = {isa = PBXFileReference; fileEncoding = 4; lastKnownFileType = sourcecode.c.h; path = DemoDrChart_Prefix.pch; sourceTree = "<group>"; };
		6BA1A7DD1224FC9C00AF9F79 /* DrGraphContentView.h */ = {isa = PBXFileReference; fileEncoding = 4; lastKnownFileType = sourcecode.c.h; name = DrGraphContentView.h; path = ../DrChartView/DrGraphContentView.h; sourceTree = SOURCE_ROOT; };
		6BA1A7DE1224FC9C00AF9F79 /* DrGraphContentView.m */ = {isa = PBXFileReference; fileEncoding = 4; lastKnownFileType = sourcecode.c.objc; name = DrGraphContentView.m; path = ../DrChartView/DrGraphContentView.m; sourceTree = SOURCE_ROOT; };
		6BA1A7DF1224FC9C00AF9F79 /* DrGraphLeftMarginView.h */ = {isa = PBXFileReference; fileEncoding = 4; lastKnownFileType = sourcecode.c.h; name = DrGraphLeftMarginView.h; path = ../DrChartView/DrGraphLeftMarginView.h; sourceTree = SOURCE_ROOT; };
		6BA1A7E01224FC9C00AF9F79 /* DrGraphLeftMarginView.m */ = {isa = PBXFileReference; fileEncoding = 4; lastKnownFileType = sourcecode.c.objc; name = DrGraphLeftMarginView.m; path = ../DrChartView/DrGraphLeftMarginView.m; sourceTree = SOURCE_ROOT; };
		6BA1A7E11224FC9C00AF9F79 /* DrGraphView.h */ = {isa = PBXFileReference; fileEncoding = 4; lastKnownFileType = sourcecode.c.h; name = DrGraphView.h; path = ../DrChartView/DrGraphView.h; sourceTree = SOURCE_ROOT; };
		6BA1A7E21224FC9C00AF9F79 /* DrGraphView.m */ = {isa = PBXFileReference; fileEncoding = 4; lastKnownFileType = sourcecode.c.objc; name = DrGraphView.m; path = ../DrChartView/DrGraphView.m; sourceTree = SOURCE_ROOT; };
		6BA1A7E31224FC9C00AF9F79 /* DrGraphYHeaderView.h */ = {isa = PBXFileReference; fileEncoding = 4; lastKnownFileType = sourcecode.c.h; name = DrGraphYHeaderView.h; path = ../DrChartView/DrGraphYHeaderView.h; sourceTree = SOURCE_ROOT; };
		6BA1A7E41224FC9C00AF9F79 /* DrGraphYHeaderView.m */ = {isa = PBXFileReference; fileEncoding = 4; lastKnownFileType = sourcecode.c.objc; name = DrGraphYHeaderView.m; path = ../DrChartView/DrGraphYHeaderView.m; sourceTree = SOURCE_ROOT; };
		6BA1A7E51224FC9C00AF9F79 /* DrMacros.h */ = {isa = PBXFileReference; fileEncoding = 4; lastKnownFileType = sourcecode.c.h; name = DrMacros.h; path = ../DrChartView/DrMacros.h; sourceTree = SOURCE_ROOT; };
		8D1107310486CEB800E47090 /* DemoDrChart-Info.plist */ = {isa = PBXFileReference; fileEncoding = 4; lastKnownFileType = text.plist.xml; path = "DemoDrChart-Info.plist"; plistStructureDefinitionIdentifier = "com.apple.xcode.plist.structure-definition.iphone.info-plist"; sourceTree = "<group>"; };
/* End PBXFileReference section */

/* Begin PBXFrameworksBuildPhase section */
		1D60588F0D05DD3D006BFB54 /* Frameworks */ = {
			isa = PBXFrameworksBuildPhase;
			buildActionMask = 2147483647;
			files = (
				1D60589F0D05DD5A006BFB54 /* Foundation.framework in Frameworks */,
				1DF5F4E00D08C38300B7A737 /* UIKit.framework in Frameworks */,
				288765A50DF7441C002DB57D /* CoreGraphics.framework in Frameworks */,
			);
			runOnlyForDeploymentPostprocessing = 0;
		};
/* End PBXFrameworksBuildPhase section */

/* Begin PBXGroup section */
		080E96DDFE201D6D7F000001 /* Classes */ = {
			isa = PBXGroup;
			children = (
				6BA1A7DD1224FC9C00AF9F79 /* DrGraphContentView.h */,
				6BA1A7DE1224FC9C00AF9F79 /* DrGraphContentView.m */,
				6BA1A7DF1224FC9C00AF9F79 /* DrGraphLeftMarginView.h */,
				6BA1A7E01224FC9C00AF9F79 /* DrGraphLeftMarginView.m */,
				6BA1A7E11224FC9C00AF9F79 /* DrGraphView.h */,
				6BA1A7E21224FC9C00AF9F79 /* DrGraphView.m */,
				6BA1A7E31224FC9C00AF9F79 /* DrGraphYHeaderView.h */,
				6BA1A7E41224FC9C00AF9F79 /* DrGraphYHeaderView.m */,
				6BA1A7E51224FC9C00AF9F79 /* DrMacros.h */,
				1D3623240D0F684500981E51 /* DemoDrChartAppDelegate.h */,
				1D3623250D0F684500981E51 /* DemoDrChartAppDelegate.m */,
				28D7ACF60DDB3853001CB0EB /* DemoDrChartViewController.h */,
				28D7ACF70DDB3853001CB0EB /* DemoDrChartViewController.m */,
			);
			path = Classes;
			sourceTree = "<group>";
		};
		19C28FACFE9D520D11CA2CBB /* Products */ = {
			isa = PBXGroup;
			children = (
				1D6058910D05DD3D006BFB54 /* DemoDrChart.app */,
			);
			name = Products;
			sourceTree = "<group>";
		};
		29B97314FDCFA39411CA2CEA /* CustomTemplate */ = {
			isa = PBXGroup;
			children = (
				080E96DDFE201D6D7F000001 /* Classes */,
				29B97315FDCFA39411CA2CEA /* Other Sources */,
				29B97317FDCFA39411CA2CEA /* Resources */,
				29B97323FDCFA39411CA2CEA /* Frameworks */,
				19C28FACFE9D520D11CA2CBB /* Products */,
			);
			name = CustomTemplate;
			sourceTree = "<group>";
		};
		29B97315FDCFA39411CA2CEA /* Other Sources */ = {
			isa = PBXGroup;
			children = (
				32CA4F630368D1EE00C91783 /* DemoDrChart_Prefix.pch */,
				29B97316FDCFA39411CA2CEA /* main.m */,
			);
			name = "Other Sources";
			sourceTree = "<group>";
		};
		29B97317FDCFA39411CA2CEA /* Resources */ = {
			isa = PBXGroup;
			children = (
				2899E5210DE3E06400AC0155 /* DemoDrChartViewController.xib */,
				28AD733E0D9D9553002E5188 /* MainWindow.xib */,
				8D1107310486CEB800E47090 /* DemoDrChart-Info.plist */,
			);
			name = Resources;
			sourceTree = "<group>";
		};
		29B97323FDCFA39411CA2CEA /* Frameworks */ = {
			isa = PBXGroup;
			children = (
				1DF5F4DF0D08C38300B7A737 /* UIKit.framework */,
				1D30AB110D05D00D00671497 /* Foundation.framework */,
				288765A40DF7441C002DB57D /* CoreGraphics.framework */,
			);
			name = Frameworks;
			sourceTree = "<group>";
		};
/* End PBXGroup section */

/* Begin PBXNativeTarget section */
		1D6058900D05DD3D006BFB54 /* DemoDrChart */ = {
			isa = PBXNativeTarget;
			buildConfigurationList = 1D6058960D05DD3E006BFB54 /* Build configuration list for PBXNativeTarget "DemoDrChart" */;
			buildPhases = (
				1D60588D0D05DD3D006BFB54 /* Resources */,
				1D60588E0D05DD3D006BFB54 /* Sources */,
				1D60588F0D05DD3D006BFB54 /* Frameworks */,
				6BA1A8111225111D00AF9F79 /* ShellScript */,
				6BA1A8141225113C00AF9F79 /* ShellScript */,
			);
			buildRules = (
			);
			dependencies = (
			);
			name = DemoDrChart;
			productName = DemoDrChart;
			productReference = 1D6058910D05DD3D006BFB54 /* DemoDrChart.app */;
			productType = "com.apple.product-type.application";
		};
/* End PBXNativeTarget section */

/* Begin PBXProject section */
		29B97313FDCFA39411CA2CEA /* Project object */ = {
			isa = PBXProject;
			buildConfigurationList = C01FCF4E08A954540054247B /* Build configuration list for PBXProject "DemoDrChart" */;
			compatibilityVersion = "Xcode 3.1";
			hasScannedForEncodings = 1;
			mainGroup = 29B97314FDCFA39411CA2CEA /* CustomTemplate */;
			projectDirPath = "";
			projectRoot = "";
			targets = (
				1D6058900D05DD3D006BFB54 /* DemoDrChart */,
			);
		};
/* End PBXProject section */

/* Begin PBXResourcesBuildPhase section */
		1D60588D0D05DD3D006BFB54 /* Resources */ = {
			isa = PBXResourcesBuildPhase;
			buildActionMask = 2147483647;
			files = (
				28AD733F0D9D9553002E5188 /* MainWindow.xib in Resources */,
				2899E5220DE3E06400AC0155 /* DemoDrChartViewController.xib in Resources */,
			);
			runOnlyForDeploymentPostprocessing = 0;
		};
/* End PBXResourcesBuildPhase section */

/* Begin PBXShellScriptBuildPhase section */
		6BA1A8111225111D00AF9F79 /* ShellScript */ = {
			isa = PBXShellScriptBuildPhase;
			buildActionMask = 2147483647;
			files = (
			);
			inputPaths = (
			);
			outputPaths = (
			);
			runOnlyForDeploymentPostprocessing = 0;
			shellPath = /bin/sh;
			shellScript = "#! /bin/bash\n\nFILE=`%%%{PBXUtilityScriptsPath}%%%/AskUserForNewFileDialog \"Save As\" \".gitignore\"`\necho \"$FILE\"\ntouch \"$FILE\"\n\nFILEX=`%%%{PBXUtilityScriptsPath}%%%/AskUserForNewFileDialog \"Save As\" \".gitattributes\"`\necho \"$FILEX\"\ntouch \"$FILEX\"\n\n# This script creates the .gitignore and .gitattributes in the current folder.\n\necho \"# Mac OS X Finder and whatnot\n.DS_Store\n\n# XCode (and ancestors) per-user config (very noisy, and not relevant)\n*.mode1\n*.mode1v3\n*.mode2v3\n*.perspective\n*.perspectivev3\n*.pbxuser\n\n\n# Generated files\nVersionX-revision.h\n\n\n# build products\nbuild/\n*.[oa]\n\n# Other source repository archive directories (protects when importing)\n.hg\n.svn\nCVS\n\n\n# automatic backup files\n*~.nib\n*.swp\n*~\n*(Autosaved).rtfd/\nBackup[ ]of[ ]*.pages/\nBackup[ ]of[ ]*.key/\nBackup[ ]of[ ]*.numbers/\" >> \"$FILE\"\n\n\necho \"*.pbxproj -crlf -diff -merge\" >> \"$FILEX\"";
		};
		6BA1A8141225113C00AF9F79 /* ShellScript */ = {
			isa = PBXShellScriptBuildPhase;
			buildActionMask = 8;
			files = (
			);
			inputPaths = (
			);
			outputPaths = (
			);
			runOnlyForDeploymentPostprocessing = 1;
			shellPath = /bin/sh;
			shellScript = "#! /bin/bash\n\nFILE=`%%%{PBXUtilityScriptsPath}%%%/AskUserForNewFileDialog \"Save As\" \".gitignore\"`\necho \"$FILE\"\ntouch \"$FILE\"\n\nFILEX=`%%%{PBXUtilityScriptsPath}%%%/AskUserForNewFileDialog \"Save As\" \".gitattributes\"`\necho \"$FILEX\"\ntouch \"$FILEX\"\n\n# This script creates the .gitignore and .gitattributes in the current folder.\n\necho \"# Mac OS X Finder and whatnot\n.DS_Store\n\n# XCode (and ancestors) per-user config (very noisy, and not relevant)\n*.mode1\n*.mode1v3\n*.mode2v3\n*.perspective\n*.perspectivev3\n*.pbxuser\n\n\n# Generated files\nVersionX-revision.h\n\n\n# build products\nbuild/\n*.[oa]\n\n# Other source repository archive directories (protects when importing)\n.hg\n.svn\nCVS\n\n\n# automatic backup files\n*~.nib\n*.swp\n*~\n*(Autosaved).rtfd/\nBackup[ ]of[ ]*.pages/\nBackup[ ]of[ ]*.key/\nBackup[ ]of[ ]*.numbers/\" >> \"$FILE\"\n\n\necho \"*.pbxproj -crlf -diff -merge\" >> \"$FILEX\"";
		};
/* End PBXShellScriptBuildPhase section */

/* Begin PBXSourcesBuildPhase section */
		1D60588E0D05DD3D006BFB54 /* Sources */ = {
			isa = PBXSourcesBuildPhase;
			buildActionMask = 2147483647;
			files = (
				1D60589B0D05DD56006BFB54 /* main.m in Sources */,
				1D3623260D0F684500981E51 /* DemoDrChartAppDelegate.m in Sources */,
				28D7ACF80DDB3853001CB0EB /* DemoDrChartViewController.m in Sources */,
				6BA1A7E61224FC9C00AF9F79 /* DrGraphContentView.m in Sources */,
				6BA1A7E71224FC9C00AF9F79 /* DrGraphLeftMarginView.m in Sources */,
				6BA1A7E81224FC9C00AF9F79 /* DrGraphView.m in Sources */,
				6BA1A7E91224FC9C00AF9F79 /* DrGraphYHeaderView.m in Sources */,
			);
			runOnlyForDeploymentPostprocessing = 0;
		};
/* End PBXSourcesBuildPhase section */

/* Begin XCBuildConfiguration section */
		1D6058940D05DD3E006BFB54 /* Debug */ = {
			isa = XCBuildConfiguration;
			buildSettings = {
				ALWAYS_SEARCH_USER_PATHS = NO;
				COPY_PHASE_STRIP = NO;
				GCC_DYNAMIC_NO_PIC = NO;
				GCC_OPTIMIZATION_LEVEL = 0;
				GCC_PRECOMPILE_PREFIX_HEADER = YES;
				GCC_PREFIX_HEADER = DemoDrChart_Prefix.pch;
				INFOPLIST_FILE = "DemoDrChart-Info.plist";
				PRODUCT_NAME = DemoDrChart;
			};
			name = Debug;
		};
		1D6058950D05DD3E006BFB54 /* Release */ = {
			isa = XCBuildConfiguration;
			buildSettings = {
				ALWAYS_SEARCH_USER_PATHS = NO;
				COPY_PHASE_STRIP = YES;
				GCC_PRECOMPILE_PREFIX_HEADER = YES;
				GCC_PREFIX_HEADER = DemoDrChart_Prefix.pch;
				INFOPLIST_FILE = "DemoDrChart-Info.plist";
				PRODUCT_NAME = DemoDrChart;
				VALIDATE_PRODUCT = YES;
			};
			name = Release;
		};
		C01FCF4F08A954540054247B /* Debug */ = {
			isa = XCBuildConfiguration;
			buildSettings = {
				ARCHS = "$(ARCHS_STANDARD_32_BIT)";
				"CODE_SIGN_IDENTITY[sdk=iphoneos*]" = "iPhone Developer";
				GCC_C_LANGUAGE_STANDARD = c99;
				GCC_WARN_ABOUT_RETURN_TYPE = YES;
				GCC_WARN_UNUSED_VARIABLE = YES;
				PREBINDING = NO;
				SDKROOT = iphoneos4.0;
			};
			name = Debug;
		};
		C01FCF5008A954540054247B /* Release */ = {
			isa = XCBuildConfiguration;
			buildSettings = {
				ARCHS = "$(ARCHS_STANDARD_32_BIT)";
				"CODE_SIGN_IDENTITY[sdk=iphoneos*]" = "iPhone Developer";
				GCC_C_LANGUAGE_STANDARD = c99;
				GCC_WARN_ABOUT_RETURN_TYPE = YES;
				GCC_WARN_UNUSED_VARIABLE = YES;
				OTHER_CFLAGS = "-DNS_BLOCK_ASSERTIONS=1";
				PREBINDING = NO;
				SDKROOT = iphoneos4.0;
			};
			name = Release;
		};
/* End XCBuildConfiguration section */

/* Begin XCConfigurationList section */
		1D6058960D05DD3E006BFB54 /* Build configuration list for PBXNativeTarget "DemoDrChart" */ = {
			isa = XCConfigurationList;
			buildConfigurations = (
				1D6058940D05DD3E006BFB54 /* Debug */,
				1D6058950D05DD3E006BFB54 /* Release */,
			);
			defaultConfigurationIsVisible = 0;
			defaultConfigurationName = Release;
		};
		C01FCF4E08A954540054247B /* Build configuration list for PBXProject "DemoDrChart" */ = {
			isa = XCConfigurationList;
			buildConfigurations = (
				C01FCF4F08A954540054247B /* Debug */,
				C01FCF5008A954540054247B /* Release */,
			);
			defaultConfigurationIsVisible = 0;
			defaultConfigurationName = Release;
		};
/* End XCConfigurationList section */
	};
	rootObject = 29B97313FDCFA39411CA2CEA /* Project object */;
}
